
Microsoft Visual Studio Solution File, Format Version 12.00
# Visual Studio 15
VisualStudioVersion = 15.0.28307.1082
MinimumVisualStudioVersion = 10.0.40219.1
Project("{FAE04EC0-301F-11D3-BF4B-00C04F79EFBC}") = "Pathfinder", "Pathfinder\Pathfinder.csproj", "{E541FFB0-8C34-4268-BDBF-ED1096E9FC8D}"
EndProject
Project("{FAE04EC0-301F-11D3-BF4B-00C04F79EFBC}") = "Launcher", "Launcher\Launcher.csproj", "{D341E49A-5F4C-4385-AF08-C5FC827C87B5}"
EndProject
Global
	GlobalSection(SolutionConfigurationPlatforms) = preSolution
		Debug|Any CPU = Debug|Any CPU
		Release|Any CPU = Release|Any CPU
	EndGlobalSection
	GlobalSection(ProjectConfigurationPlatforms) = postSolution
		{E541FFB0-8C34-4268-BDBF-ED1096E9FC8D}.Debug|Any CPU.ActiveCfg = Debug|Any CPU
		{E541FFB0-8C34-4268-BDBF-ED1096E9FC8D}.Debug|Any CPU.Build.0 = Debug|Any CPU
		{E541FFB0-8C34-4268-BDBF-ED1096E9FC8D}.Release|Any CPU.ActiveCfg = Release|Any CPU
		{E541FFB0-8C34-4268-BDBF-ED1096E9FC8D}.Release|Any CPU.Build.0 = Release|Any CPU
		{D341E49A-5F4C-4385-AF08-C5FC827C87B5}.Debug|Any CPU.ActiveCfg = Debug|Any CPU
		{D341E49A-5F4C-4385-AF08-C5FC827C87B5}.Debug|Any CPU.Build.0 = Debug|Any CPU
		{D341E49A-5F4C-4385-AF08-C5FC827C87B5}.Release|Any CPU.ActiveCfg = Release|Any CPU
		{D341E49A-5F4C-4385-AF08-C5FC827C87B5}.Release|Any CPU.Build.0 = Release|Any CPU
	EndGlobalSection
	GlobalSection(SolutionProperties) = preSolution
		HideSolutionNode = FALSE
	EndGlobalSection
	GlobalSection(ExtensibilityGlobals) = postSolution
		SolutionGuid = {4FE5CD07-C389-42C5-846A-9FCA3E493BD6}
	EndGlobalSection
EndGlobal
